
Microsoft Visual Studio Solution File, Format Version 12.00
# Visual Studio Version 16
VisualStudioVersion = 16.0.31829.152
MinimumVisualStudioVersion = 10.0.40219.1
Project("{FAE04EC0-301F-11D3-BF4B-00C04F79EFBC}") = "BankAccount-Exceptions", "BankAccount-Exceptions\BankAccount-Exceptions.csproj", "{27FE145D-D6BA-42D0-AEFB-B4DFC8C706BE}"
EndProject
Global
	GlobalSection(SolutionConfigurationPlatforms) = preSolution
		Debug|Any CPU = Debug|Any CPU
		Release|Any CPU = Release|Any CPU
	EndGlobalSection
	GlobalSection(ProjectConfigurationPlatforms) = postSolution
		{27FE145D-D6BA-42D0-AEFB-B4DFC8C706BE}.Debug|Any CPU.ActiveCfg = Debug|Any CPU
		{27FE145D-D6BA-42D0-AEFB-B4DFC8C706BE}.Debug|Any CPU.Build.0 = Debug|Any CPU
		{27FE145D-D6BA-42D0-AEFB-B4DFC8C706BE}.Release|Any CPU.ActiveCfg = Release|Any CPU
		{27FE145D-D6BA-42D0-AEFB-B4DFC8C706BE}.Release|Any CPU.Build.0 = Release|Any CPU
	EndGlobalSection
	GlobalSection(SolutionProperties) = preSolution
		HideSolutionNode = FALSE
	EndGlobalSection
	GlobalSection(ExtensibilityGlobals) = postSolution
		SolutionGuid = {2340B386-0D8E-45FA-8FC8-F8C239B90B62}
	EndGlobalSection
EndGlobal
