
Microsoft Visual Studio Solution File, Format Version 12.00
# Visual Studio Version 16
VisualStudioVersion = 16.0.31829.152
MinimumVisualStudioVersion = 10.0.40219.1
Project("{FAE04EC0-301F-11D3-BF4B-00C04F79EFBC}") = "VoteCounter_Dictionary", "VoteCounter_Dictionary\VoteCounter_Dictionary.csproj", "{2F5646B9-A9FC-4529-A439-FDDE56CBEABF}"
EndProject
Global
	GlobalSection(SolutionConfigurationPlatforms) = preSolution
		Debug|Any CPU = Debug|Any CPU
		Release|Any CPU = Release|Any CPU
	EndGlobalSection
	GlobalSection(ProjectConfigurationPlatforms) = postSolution
		{2F5646B9-A9FC-4529-A439-FDDE56CBEABF}.Debug|Any CPU.ActiveCfg = Debug|Any CPU
		{2F5646B9-A9FC-4529-A439-FDDE56CBEABF}.Debug|Any CPU.Build.0 = Debug|Any CPU
		{2F5646B9-A9FC-4529-A439-FDDE56CBEABF}.Release|Any CPU.ActiveCfg = Release|Any CPU
		{2F5646B9-A9FC-4529-A439-FDDE56CBEABF}.Release|Any CPU.Build.0 = Release|Any CPU
	EndGlobalSection
	GlobalSection(SolutionProperties) = preSolution
		HideSolutionNode = FALSE
	EndGlobalSection
	GlobalSection(ExtensibilityGlobals) = postSolution
		SolutionGuid = {FA7D72C7-695A-4F24-9407-D67C236060A2}
	EndGlobalSection
EndGlobal
