
Microsoft Visual Studio Solution File, Format Version 12.00
# Visual Studio Version 16
VisualStudioVersion = 16.0.31829.152
MinimumVisualStudioVersion = 10.0.40219.1
Project("{FAE04EC0-301F-11D3-BF4B-00C04F79EFBC}") = "RegistroDeFuncionários", "RegistroDeFuncionários\RegistroDeFuncionários.csproj", "{92DC7321-3B86-49BC-8540-88967F27AD64}"
EndProject
Global
	GlobalSection(SolutionConfigurationPlatforms) = preSolution
		Debug|Any CPU = Debug|Any CPU
		Release|Any CPU = Release|Any CPU
	EndGlobalSection
	GlobalSection(ProjectConfigurationPlatforms) = postSolution
		{92DC7321-3B86-49BC-8540-88967F27AD64}.Debug|Any CPU.ActiveCfg = Debug|Any CPU
		{92DC7321-3B86-49BC-8540-88967F27AD64}.Debug|Any CPU.Build.0 = Debug|Any CPU
		{92DC7321-3B86-49BC-8540-88967F27AD64}.Release|Any CPU.ActiveCfg = Release|Any CPU
		{92DC7321-3B86-49BC-8540-88967F27AD64}.Release|Any CPU.Build.0 = Release|Any CPU
	EndGlobalSection
	GlobalSection(SolutionProperties) = preSolution
		HideSolutionNode = FALSE
	EndGlobalSection
	GlobalSection(ExtensibilityGlobals) = postSolution
		SolutionGuid = {FA392884-573F-45A3-A7CE-FAAE7BEC89AF}
	EndGlobalSection
EndGlobal
