
Microsoft Visual Studio Solution File, Format Version 12.00
# Visual Studio Version 16
VisualStudioVersion = 16.0.31829.152
MinimumVisualStudioVersion = 10.0.40219.1
Project("{FAE04EC0-301F-11D3-BF4B-00C04F79EFBC}") = "InformaçõesDeUmRetângulo", "InformaçõesDeUmRetângulo\InformaçõesDeUmRetângulo.csproj", "{A8CE6D09-CC83-45AE-99AA-BB23A1329641}"
EndProject
Global
	GlobalSection(SolutionConfigurationPlatforms) = preSolution
		Debug|Any CPU = Debug|Any CPU
		Release|Any CPU = Release|Any CPU
	EndGlobalSection
	GlobalSection(ProjectConfigurationPlatforms) = postSolution
		{A8CE6D09-CC83-45AE-99AA-BB23A1329641}.Debug|Any CPU.ActiveCfg = Debug|Any CPU
		{A8CE6D09-CC83-45AE-99AA-BB23A1329641}.Debug|Any CPU.Build.0 = Debug|Any CPU
		{A8CE6D09-CC83-45AE-99AA-BB23A1329641}.Release|Any CPU.ActiveCfg = Release|Any CPU
		{A8CE6D09-CC83-45AE-99AA-BB23A1329641}.Release|Any CPU.Build.0 = Release|Any CPU
	EndGlobalSection
	GlobalSection(SolutionProperties) = preSolution
		HideSolutionNode = FALSE
	EndGlobalSection
	GlobalSection(ExtensibilityGlobals) = postSolution
		SolutionGuid = {40252417-70D9-4F21-A6FC-84FCD553B779}
	EndGlobalSection
EndGlobal
