
Microsoft Visual Studio Solution File, Format Version 12.00
# Visual Studio Version 17
VisualStudioVersion = 17.0.31919.166
MinimumVisualStudioVersion = 10.0.40219.1
Project("{FAE04EC0-301F-11D3-BF4B-00C04F79EFBC}") = "ProductOrdernation_LINQ", "ProductOrdernation_LINQ\ProductOrdernation_LINQ.csproj", "{4A7FDE8F-069F-46E1-A764-FA964B088196}"
EndProject
Global
	GlobalSection(SolutionConfigurationPlatforms) = preSolution
		Debug|Any CPU = Debug|Any CPU
		Release|Any CPU = Release|Any CPU
	EndGlobalSection
	GlobalSection(ProjectConfigurationPlatforms) = postSolution
		{4A7FDE8F-069F-46E1-A764-FA964B088196}.Debug|Any CPU.ActiveCfg = Debug|Any CPU
		{4A7FDE8F-069F-46E1-A764-FA964B088196}.Debug|Any CPU.Build.0 = Debug|Any CPU
		{4A7FDE8F-069F-46E1-A764-FA964B088196}.Release|Any CPU.ActiveCfg = Release|Any CPU
		{4A7FDE8F-069F-46E1-A764-FA964B088196}.Release|Any CPU.Build.0 = Release|Any CPU
	EndGlobalSection
	GlobalSection(SolutionProperties) = preSolution
		HideSolutionNode = FALSE
	EndGlobalSection
	GlobalSection(ExtensibilityGlobals) = postSolution
		SolutionGuid = {D13C4628-EC32-4995-A62E-29C04875E02A}
	EndGlobalSection
EndGlobal
