
Microsoft Visual Studio Solution File, Format Version 12.00
# Visual Studio Version 16
VisualStudioVersion = 16.0.31729.503
MinimumVisualStudioVersion = 10.0.40219.1
Project("{FAE04EC0-301F-11D3-BF4B-00C04F79EFBC}") = "Calculadora", "Calculadora\Calculadora.csproj", "{CABD6A62-E753-41DC-85FB-73A770EE9427}"
EndProject
Project("{FAE04EC0-301F-11D3-BF4B-00C04F79EFBC}") = "Calculadora.Teste", "Calculadora.Teste\Calculadora.Teste.csproj", "{5AE43109-5480-4EA0-B8C5-0015FB91CAB5}"
EndProject
Global
	GlobalSection(SolutionConfigurationPlatforms) = preSolution
		Debug|Any CPU = Debug|Any CPU
		Release|Any CPU = Release|Any CPU
	EndGlobalSection
	GlobalSection(ProjectConfigurationPlatforms) = postSolution
		{CABD6A62-E753-41DC-85FB-73A770EE9427}.Debug|Any CPU.ActiveCfg = Debug|Any CPU
		{CABD6A62-E753-41DC-85FB-73A770EE9427}.Debug|Any CPU.Build.0 = Debug|Any CPU
		{CABD6A62-E753-41DC-85FB-73A770EE9427}.Release|Any CPU.ActiveCfg = Release|Any CPU
		{CABD6A62-E753-41DC-85FB-73A770EE9427}.Release|Any CPU.Build.0 = Release|Any CPU
		{5AE43109-5480-4EA0-B8C5-0015FB91CAB5}.Debug|Any CPU.ActiveCfg = Debug|Any CPU
		{5AE43109-5480-4EA0-B8C5-0015FB91CAB5}.Debug|Any CPU.Build.0 = Debug|Any CPU
		{5AE43109-5480-4EA0-B8C5-0015FB91CAB5}.Release|Any CPU.ActiveCfg = Release|Any CPU
		{5AE43109-5480-4EA0-B8C5-0015FB91CAB5}.Release|Any CPU.Build.0 = Release|Any CPU
	EndGlobalSection
	GlobalSection(SolutionProperties) = preSolution
		HideSolutionNode = FALSE
	EndGlobalSection
	GlobalSection(ExtensibilityGlobals) = postSolution
		SolutionGuid = {753783FF-0E1D-4DB6-9E6E-CD432BA98752}
	EndGlobalSection
EndGlobal
