
Microsoft Visual Studio Solution File, Format Version 12.00
# Visual Studio Version 16
VisualStudioVersion = 16.0.31829.152
MinimumVisualStudioVersion = 10.0.40219.1
Project("{FAE04EC0-301F-11D3-BF4B-00C04F79EFBC}") = "ConversaoDeMoeda-static", "ConversaoDeMoeda-static\ConversaoDeMoeda-static.csproj", "{ECB34E72-79E6-4169-98DA-6994212675C8}"
EndProject
Global
	GlobalSection(SolutionConfigurationPlatforms) = preSolution
		Debug|Any CPU = Debug|Any CPU
		Release|Any CPU = Release|Any CPU
	EndGlobalSection
	GlobalSection(ProjectConfigurationPlatforms) = postSolution
		{ECB34E72-79E6-4169-98DA-6994212675C8}.Debug|Any CPU.ActiveCfg = Debug|Any CPU
		{ECB34E72-79E6-4169-98DA-6994212675C8}.Debug|Any CPU.Build.0 = Debug|Any CPU
		{ECB34E72-79E6-4169-98DA-6994212675C8}.Release|Any CPU.ActiveCfg = Release|Any CPU
		{ECB34E72-79E6-4169-98DA-6994212675C8}.Release|Any CPU.Build.0 = Release|Any CPU
	EndGlobalSection
	GlobalSection(SolutionProperties) = preSolution
		HideSolutionNode = FALSE
	EndGlobalSection
	GlobalSection(ExtensibilityGlobals) = postSolution
		SolutionGuid = {CB89134E-8AB3-4511-8C21-0ED5CBF9A57F}
	EndGlobalSection
EndGlobal
