
Microsoft Visual Studio Solution File, Format Version 12.00
# Visual Studio Version 16
VisualStudioVersion = 16.0.31829.152
MinimumVisualStudioVersion = 10.0.40219.1
Project("{FAE04EC0-301F-11D3-BF4B-00C04F79EFBC}") = "CourseLog-Conjuntos", "CourseLog-Conjuntos\CourseLog-Conjuntos.csproj", "{9817C4D5-C21E-4639-8F49-F9F6185BCFEE}"
EndProject
Global
	GlobalSection(SolutionConfigurationPlatforms) = preSolution
		Debug|Any CPU = Debug|Any CPU
		Release|Any CPU = Release|Any CPU
	EndGlobalSection
	GlobalSection(ProjectConfigurationPlatforms) = postSolution
		{9817C4D5-C21E-4639-8F49-F9F6185BCFEE}.Debug|Any CPU.ActiveCfg = Debug|Any CPU
		{9817C4D5-C21E-4639-8F49-F9F6185BCFEE}.Debug|Any CPU.Build.0 = Debug|Any CPU
		{9817C4D5-C21E-4639-8F49-F9F6185BCFEE}.Release|Any CPU.ActiveCfg = Release|Any CPU
		{9817C4D5-C21E-4639-8F49-F9F6185BCFEE}.Release|Any CPU.Build.0 = Release|Any CPU
	EndGlobalSection
	GlobalSection(SolutionProperties) = preSolution
		HideSolutionNode = FALSE
	EndGlobalSection
	GlobalSection(ExtensibilityGlobals) = postSolution
		SolutionGuid = {C4CD2776-B6D7-483D-BDD2-EF0F837336A7}
	EndGlobalSection
EndGlobal
